{
  "version": 4,
  "terraform_version": "1.7.1",
  "serial": 38,
  "lineage": "bfbbb824-7b9e-1e63-a105-5def8a51592d",
  "outputs": {
    "address_space": {
      "value": [
        "10.0.0.0/16"
      ],
      "type": [
        "list",
        "string"
      ]
    },
    "private_ip_address": {
      "value": "10.0.0.4",
      "type": "string"
    },
    "public_ip_address": {
      "value": "",
      "type": "string"
    },
    "subnet1_address": {
      "value": [
        "10.0.0.0/24"
      ],
      "type": [
        "list",
        "string"
      ]
    },
    "subnet1_name": {
      "value": "network_subnet1",
      "type": "string"
    },
    "subnet2_address": {
      "value": [
        "10.0.1.0/24"
      ],
      "type": [
        "list",
        "string"
      ]
    },
    "subnet2_name": {
      "value": "network_subnet2",
      "type": "string"
    },
    "virtual_network_name": {
      "value": "network_vnet",
      "type": "string"
    },
    "vm_FQDN": {
      "value": "n01610235-u-vm1.canadacentral.cloudapp.azure.com",
      "type": "string"
    },
    "vm_hostname": {
      "value": "n01610235-u-vm1",
      "type": "string"
    }
  },
  "resources": [
    {
      "mode": "managed",
      "type": "azurerm_linux_virtual_machine",
      "name": "linux_vm",
      "provider": "provider[\"registry.terraform.io/hashicorp/azurerm\"]",
      "instances": [
        {
          "schema_version": 0,
          "attributes": {
            "additional_capabilities": [],
            "admin_password": null,
            "admin_ssh_key": [
              {
                "public_key": "ssh-rsa AAAAB3NzaC1yc2EAAAADAQABAAABgQDIxkqbeB5X8i2ZC/Ulcmjm5l/E6aVBvPNMQRW8koZV3XsROIaGsMNh8QSm7f9sD9aBnMgy1ZA+LFcbCNIW+37adu/u8d35yLyay5ZyN+aTPzKnKY47ZqPOrgcFMluotTnO6b/f8J4vgFI7vzavU96prl4U53+/6GvYXF5yIXqDna91iU1U/yverjw0xX6WQIk2V56jMnHBmoB9QCEw0KWopaFnQBojG5/DNOjPtlbatnWuOvDZmQPJ+Vj41HZ9dos5FgDNXm4ds4BIdfHzPkWJGFNiIqQtxrFrMJdCIHLwXXFXIg+lB4AIyko9dKUj+CLqcVz5bHHoMvGuOpYgRVKlMvDNnTA5dMUegaxUtWOR7Zne2ghUiCMUF2cfQr1EfIB65SMVKJoR6qJExwCD0Qu8aKdnQ37tZSZW7J2mQ98XvZA2nOZsGg3n5x1fCkYUAPPfXwxkCxZXzo1O2qiK4WHfCQmnICk1Un+Roc8xSXHQWIRljDbFMblfNtuaILvXyuM= oladapo@Oladapo\n",
                "username": "oladapo"
              }
            ],
            "admin_username": "oladapo",
            "allow_extension_operations": true,
            "availability_set_id": "",
            "boot_diagnostics": [],
            "bypass_platform_safety_checks_on_user_schedule_enabled": false,
            "capacity_reservation_group_id": "",
            "computer_name": "n01610235-u-vm1",
            "custom_data": null,
            "dedicated_host_group_id": "",
            "dedicated_host_id": "",
            "disable_password_authentication": true,
            "edge_zone": "",
            "encryption_at_host_enabled": false,
            "eviction_policy": "",
            "extensions_time_budget": "PT1H30M",
            "gallery_application": [],
            "id": "/subscriptions/9d715255-9de8-4083-a909-9f0ab13af1c6/resourceGroups/network_rg/providers/Microsoft.Compute/virtualMachines/n01610235-u-vm1",
            "identity": [],
            "license_type": "",
            "location": "canadacentral",
            "max_bid_price": -1,
            "name": "n01610235-u-vm1",
            "network_interface_ids": [
              "/subscriptions/9d715255-9de8-4083-a909-9f0ab13af1c6/resourceGroups/network_rg/providers/Microsoft.Network/networkInterfaces/n01610235-u-vm1-nic"
            ],
            "os_disk": [
              {
                "caching": "ReadWrite",
                "diff_disk_settings": [],
                "disk_encryption_set_id": "",
                "disk_size_gb": 32,
                "name": "n01610235-u-vm1-os-disk",
                "secure_vm_disk_encryption_set_id": "",
                "security_encryption_type": "",
                "storage_account_type": "Premium_LRS",
                "write_accelerator_enabled": false
              }
            ],
            "patch_assessment_mode": "ImageDefault",
            "patch_mode": "ImageDefault",
            "plan": [],
            "platform_fault_domain": -1,
            "priority": "Regular",
            "private_ip_address": "10.0.0.4",
            "private_ip_addresses": [
              "10.0.0.4"
            ],
            "provision_vm_agent": true,
            "proximity_placement_group_id": "",
            "public_ip_address": "",
            "public_ip_addresses": [],
            "reboot_setting": "",
            "resource_group_name": "network_rg",
            "secret": [],
            "secure_boot_enabled": false,
            "size": "Standard_B1s",
            "source_image_id": "",
            "source_image_reference": [
              {
                "offer": "UbuntuServer",
                "publisher": "Canonical",
                "sku": "19.04",
                "version": "latest"
              }
            ],
            "tags": {
              "ContactEmail": "n01610235@humber.ca",
              "Environment": "Lab",
              "Name": "Terraform-Class",
              "Project": "Learning"
            },
            "termination_notification": [],
            "timeouts": null,
            "user_data": "",
            "virtual_machine_id": "6a774728-a1bf-44ec-8799-c551daf68f7b",
            "virtual_machine_scale_set_id": "",
            "vtpm_enabled": false,
            "zone": ""
          },
          "sensitive_attributes": [],
          "private": "eyJlMmJmYjczMC1lY2FhLTExZTYtOGY4OC0zNDM2M2JjN2M0YzAiOnsiY3JlYXRlIjoyNzAwMDAwMDAwMDAwLCJkZWxldGUiOjI3MDAwMDAwMDAwMDAsInJlYWQiOjMwMDAwMDAwMDAwMCwidXBkYXRlIjoyNzAwMDAwMDAwMDAwfX0=",
          "dependencies": [
            "azurerm_network_interface.linux-nic",
            "azurerm_resource_group.network_rg",
            "azurerm_subnet.network_subnet1",
            "azurerm_virtual_network.network_vnet"
          ]
        }
      ]
    },
    {
      "mode": "managed",
      "type": "azurerm_network_interface",
      "name": "linux-nic",
      "provider": "provider[\"registry.terraform.io/hashicorp/azurerm\"]",
      "instances": [
        {
          "schema_version": 0,
          "attributes": {
            "applied_dns_servers": [],
            "auxiliary_mode": "",
            "auxiliary_sku": "",
            "dns_servers": [],
            "edge_zone": "",
            "enable_accelerated_networking": false,
            "enable_ip_forwarding": false,
            "id": "/subscriptions/9d715255-9de8-4083-a909-9f0ab13af1c6/resourceGroups/network_rg/providers/Microsoft.Network/networkInterfaces/n01610235-u-vm1-nic",
            "internal_dns_name_label": "",
            "internal_domain_name_suffix": "2irekzwhsr2uzamywmnajc1gtc.ux.internal.cloudapp.net",
            "ip_configuration": [
              {
                "gateway_load_balancer_frontend_ip_configuration_id": "",
                "name": "n01610235-u-vm1-ipconfig",
                "primary": true,
                "private_ip_address": "10.0.0.4",
                "private_ip_address_allocation": "Dynamic",
                "private_ip_address_version": "IPv4",
                "public_ip_address_id": "",
                "subnet_id": "/subscriptions/9d715255-9de8-4083-a909-9f0ab13af1c6/resourceGroups/network_rg/providers/Microsoft.Network/virtualNetworks/network_vnet/subnets/network_subnet1"
              }
            ],
            "location": "canadacentral",
            "mac_address": "00-22-48-3B-F8-50",
            "name": "n01610235-u-vm1-nic",
            "private_ip_address": "10.0.0.4",
            "private_ip_addresses": [
              "10.0.0.4"
            ],
            "resource_group_name": "network_rg",
            "tags": {
              "ContactEmail": "n01610235@humber.ca",
              "Environment": "Lab",
              "Name": "Terraform-Class",
              "Project": "Learning"
            },
            "timeouts": null,
            "virtual_machine_id": "/subscriptions/9d715255-9de8-4083-a909-9f0ab13af1c6/resourceGroups/network_rg/providers/Microsoft.Compute/virtualMachines/n01610235-u-vm1"
          },
          "sensitive_attributes": [],
          "private": "eyJlMmJmYjczMC1lY2FhLTExZTYtOGY4OC0zNDM2M2JjN2M0YzAiOnsiY3JlYXRlIjoxODAwMDAwMDAwMDAwLCJkZWxldGUiOjE4MDAwMDAwMDAwMDAsInJlYWQiOjMwMDAwMDAwMDAwMCwidXBkYXRlIjoxODAwMDAwMDAwMDAwfX0=",
          "dependencies": [
            "azurerm_resource_group.network_rg",
            "azurerm_subnet.network_subnet1",
            "azurerm_virtual_network.network_vnet"
          ]
        }
      ]
    },
    {
      "mode": "managed",
      "type": "azurerm_network_security_group",
      "name": "network_nsg1",
      "provider": "provider[\"registry.terraform.io/hashicorp/azurerm\"]",
      "instances": [
        {
          "schema_version": 0,
          "attributes": {
            "id": "/subscriptions/9d715255-9de8-4083-a909-9f0ab13af1c6/resourceGroups/network_rg/providers/Microsoft.Network/networkSecurityGroups/network-nsg1",
            "location": "canadacentral",
            "name": "network-nsg1",
            "resource_group_name": "network_rg",
            "security_rule": [
              {
                "access": "Allow",
                "description": "",
                "destination_address_prefix": "*",
                "destination_address_prefixes": [],
                "destination_application_security_group_ids": [],
                "destination_port_range": "22",
                "destination_port_ranges": [],
                "direction": "Inbound",
                "name": "rule1",
                "priority": 100,
                "protocol": "Tcp",
                "source_address_prefix": "*",
                "source_address_prefixes": [],
                "source_application_security_group_ids": [],
                "source_port_range": "*",
                "source_port_ranges": []
              }
            ],
            "tags": {},
            "timeouts": null
          },
          "sensitive_attributes": [],
          "private": "eyJlMmJmYjczMC1lY2FhLTExZTYtOGY4OC0zNDM2M2JjN2M0YzAiOnsiY3JlYXRlIjoxODAwMDAwMDAwMDAwLCJkZWxldGUiOjE4MDAwMDAwMDAwMDAsInJlYWQiOjMwMDAwMDAwMDAwMCwidXBkYXRlIjoxODAwMDAwMDAwMDAwfX0=",
          "dependencies": [
            "azurerm_resource_group.network_rg"
          ]
        }
      ]
    },
    {
      "mode": "managed",
      "type": "azurerm_network_security_group",
      "name": "network_nsg2",
      "provider": "provider[\"registry.terraform.io/hashicorp/azurerm\"]",
      "instances": [
        {
          "schema_version": 0,
          "attributes": {
            "id": "/subscriptions/9d715255-9de8-4083-a909-9f0ab13af1c6/resourceGroups/network_rg/providers/Microsoft.Network/networkSecurityGroups/network-nsg2",
            "location": "canadacentral",
            "name": "network-nsg2",
            "resource_group_name": "network_rg",
            "security_rule": [
              {
                "access": "Allow",
                "description": "",
                "destination_address_prefix": "*",
                "destination_address_prefixes": [],
                "destination_application_security_group_ids": [],
                "destination_port_range": "3389",
                "destination_port_ranges": [],
                "direction": "Inbound",
                "name": "rule1",
                "priority": 100,
                "protocol": "Tcp",
                "source_address_prefix": "*",
                "source_address_prefixes": [],
                "source_application_security_group_ids": [],
                "source_port_range": "*",
                "source_port_ranges": []
              },
              {
                "access": "Allow",
                "description": "",
                "destination_address_prefix": "*",
                "destination_address_prefixes": [],
                "destination_application_security_group_ids": [],
                "destination_port_range": "5985",
                "destination_port_ranges": [],
                "direction": "Inbound",
                "name": "rule2",
                "priority": 200,
                "protocol": "Tcp",
                "source_address_prefix": "*",
                "source_address_prefixes": [],
                "source_application_security_group_ids": [],
                "source_port_range": "*",
                "source_port_ranges": []
              }
            ],
            "tags": {},
            "timeouts": null
          },
          "sensitive_attributes": [],
          "private": "eyJlMmJmYjczMC1lY2FhLTExZTYtOGY4OC0zNDM2M2JjN2M0YzAiOnsiY3JlYXRlIjoxODAwMDAwMDAwMDAwLCJkZWxldGUiOjE4MDAwMDAwMDAwMDAsInJlYWQiOjMwMDAwMDAwMDAwMCwidXBkYXRlIjoxODAwMDAwMDAwMDAwfX0=",
          "dependencies": [
            "azurerm_resource_group.network_rg"
          ]
        }
      ]
    },
    {
      "mode": "managed",
      "type": "azurerm_public_ip",
      "name": "linux_pip",
      "provider": "provider[\"registry.terraform.io/hashicorp/azurerm\"]",
      "instances": [
        {
          "schema_version": 0,
          "attributes": {
            "allocation_method": "Dynamic",
            "ddos_protection_mode": "VirtualNetworkInherited",
            "ddos_protection_plan_id": null,
            "domain_name_label": "n01610235-u-vm1",
            "edge_zone": "",
            "fqdn": "n01610235-u-vm1.canadacentral.cloudapp.azure.com",
            "id": "/subscriptions/9d715255-9de8-4083-a909-9f0ab13af1c6/resourceGroups/network_rg/providers/Microsoft.Network/publicIPAddresses/n01610235-u-vm1",
            "idle_timeout_in_minutes": 4,
            "ip_address": "",
            "ip_tags": null,
            "ip_version": "IPv4",
            "location": "canadacentral",
            "name": "n01610235-u-vm1",
            "public_ip_prefix_id": null,
            "resource_group_name": "network_rg",
            "reverse_fqdn": "",
            "sku": "Basic",
            "sku_tier": "Regional",
            "tags": {
              "ContactEmail": "n01610235@humber.ca",
              "Environment": "Lab",
              "Name": "Terraform-Class",
              "Project": "Learning"
            },
            "timeouts": null,
            "zones": null
          },
          "sensitive_attributes": [],
          "private": "eyJlMmJmYjczMC1lY2FhLTExZTYtOGY4OC0zNDM2M2JjN2M0YzAiOnsiY3JlYXRlIjoxODAwMDAwMDAwMDAwLCJkZWxldGUiOjE4MDAwMDAwMDAwMDAsInJlYWQiOjMwMDAwMDAwMDAwMCwidXBkYXRlIjoxODAwMDAwMDAwMDAwfX0="
        }
      ]
    },
    {
      "mode": "managed",
      "type": "azurerm_resource_group",
      "name": "network_rg",
      "provider": "provider[\"registry.terraform.io/hashicorp/azurerm\"]",
      "instances": [
        {
          "schema_version": 0,
          "attributes": {
            "id": "/subscriptions/9d715255-9de8-4083-a909-9f0ab13af1c6/resourceGroups/network_rg",
            "location": "canadacentral",
            "managed_by": "",
            "name": "network_rg",
            "tags": {},
            "timeouts": null
          },
          "sensitive_attributes": [],
          "private": "eyJlMmJmYjczMC1lY2FhLTExZTYtOGY4OC0zNDM2M2JjN2M0YzAiOnsiY3JlYXRlIjo1NDAwMDAwMDAwMDAwLCJkZWxldGUiOjU0MDAwMDAwMDAwMDAsInJlYWQiOjMwMDAwMDAwMDAwMCwidXBkYXRlIjo1NDAwMDAwMDAwMDAwfX0="
        }
      ]
    },
    {
      "mode": "managed",
      "type": "azurerm_subnet",
      "name": "network_subnet1",
      "provider": "provider[\"registry.terraform.io/hashicorp/azurerm\"]",
      "instances": [
        {
          "schema_version": 0,
          "attributes": {
            "address_prefixes": [
              "10.0.0.0/24"
            ],
            "delegation": [],
            "enforce_private_link_endpoint_network_policies": false,
            "enforce_private_link_service_network_policies": false,
            "id": "/subscriptions/9d715255-9de8-4083-a909-9f0ab13af1c6/resourceGroups/network_rg/providers/Microsoft.Network/virtualNetworks/network_vnet/subnets/network_subnet1",
            "name": "network_subnet1",
            "private_endpoint_network_policies_enabled": true,
            "private_link_service_network_policies_enabled": true,
            "resource_group_name": "network_rg",
            "service_endpoint_policy_ids": [],
            "service_endpoints": [],
            "timeouts": null,
            "virtual_network_name": "network_vnet"
          },
          "sensitive_attributes": [],
          "private": "eyJlMmJmYjczMC1lY2FhLTExZTYtOGY4OC0zNDM2M2JjN2M0YzAiOnsiY3JlYXRlIjoxODAwMDAwMDAwMDAwLCJkZWxldGUiOjE4MDAwMDAwMDAwMDAsInJlYWQiOjMwMDAwMDAwMDAwMCwidXBkYXRlIjoxODAwMDAwMDAwMDAwfX0=",
          "dependencies": [
            "azurerm_resource_group.network_rg",
            "azurerm_virtual_network.network_vnet"
          ]
        }
      ]
    },
    {
      "mode": "managed",
      "type": "azurerm_subnet",
      "name": "network_subnet2",
      "provider": "provider[\"registry.terraform.io/hashicorp/azurerm\"]",
      "instances": [
        {
          "schema_version": 0,
          "attributes": {
            "address_prefixes": [
              "10.0.1.0/24"
            ],
            "delegation": [],
            "enforce_private_link_endpoint_network_policies": false,
            "enforce_private_link_service_network_policies": false,
            "id": "/subscriptions/9d715255-9de8-4083-a909-9f0ab13af1c6/resourceGroups/network_rg/providers/Microsoft.Network/virtualNetworks/network_vnet/subnets/network_subnet2",
            "name": "network_subnet2",
            "private_endpoint_network_policies_enabled": true,
            "private_link_service_network_policies_enabled": true,
            "resource_group_name": "network_rg",
            "service_endpoint_policy_ids": [],
            "service_endpoints": [],
            "timeouts": null,
            "virtual_network_name": "network_vnet"
          },
          "sensitive_attributes": [],
          "private": "eyJlMmJmYjczMC1lY2FhLTExZTYtOGY4OC0zNDM2M2JjN2M0YzAiOnsiY3JlYXRlIjoxODAwMDAwMDAwMDAwLCJkZWxldGUiOjE4MDAwMDAwMDAwMDAsInJlYWQiOjMwMDAwMDAwMDAwMCwidXBkYXRlIjoxODAwMDAwMDAwMDAwfX0=",
          "dependencies": [
            "azurerm_resource_group.network_rg",
            "azurerm_virtual_network.network_vnet"
          ]
        }
      ]
    },
    {
      "mode": "managed",
      "type": "azurerm_subnet_network_security_group_association",
      "name": "network-ansg1",
      "provider": "provider[\"registry.terraform.io/hashicorp/azurerm\"]",
      "instances": [
        {
          "schema_version": 0,
          "attributes": {
            "id": "/subscriptions/9d715255-9de8-4083-a909-9f0ab13af1c6/resourceGroups/network_rg/providers/Microsoft.Network/virtualNetworks/network_vnet/subnets/network_subnet1",
            "network_security_group_id": "/subscriptions/9d715255-9de8-4083-a909-9f0ab13af1c6/resourceGroups/network_rg/providers/Microsoft.Network/networkSecurityGroups/network-nsg1",
            "subnet_id": "/subscriptions/9d715255-9de8-4083-a909-9f0ab13af1c6/resourceGroups/network_rg/providers/Microsoft.Network/virtualNetworks/network_vnet/subnets/network_subnet1",
            "timeouts": null
          },
          "sensitive_attributes": [],
          "private": "eyJlMmJmYjczMC1lY2FhLTExZTYtOGY4OC0zNDM2M2JjN2M0YzAiOnsiY3JlYXRlIjoxODAwMDAwMDAwMDAwLCJkZWxldGUiOjE4MDAwMDAwMDAwMDAsInJlYWQiOjMwMDAwMDAwMDAwMH19",
          "dependencies": [
            "azurerm_network_security_group.network_nsg1",
            "azurerm_resource_group.network_rg",
            "azurerm_subnet.network_subnet1",
            "azurerm_virtual_network.network_vnet"
          ]
        }
      ]
    },
    {
      "mode": "managed",
      "type": "azurerm_subnet_network_security_group_association",
      "name": "network-ansg2",
      "provider": "provider[\"registry.terraform.io/hashicorp/azurerm\"]",
      "instances": [
        {
          "schema_version": 0,
          "attributes": {
            "id": "/subscriptions/9d715255-9de8-4083-a909-9f0ab13af1c6/resourceGroups/network_rg/providers/Microsoft.Network/virtualNetworks/network_vnet/subnets/network_subnet2",
            "network_security_group_id": "/subscriptions/9d715255-9de8-4083-a909-9f0ab13af1c6/resourceGroups/network_rg/providers/Microsoft.Network/networkSecurityGroups/network-nsg2",
            "subnet_id": "/subscriptions/9d715255-9de8-4083-a909-9f0ab13af1c6/resourceGroups/network_rg/providers/Microsoft.Network/virtualNetworks/network_vnet/subnets/network_subnet2",
            "timeouts": null
          },
          "sensitive_attributes": [],
          "private": "eyJlMmJmYjczMC1lY2FhLTExZTYtOGY4OC0zNDM2M2JjN2M0YzAiOnsiY3JlYXRlIjoxODAwMDAwMDAwMDAwLCJkZWxldGUiOjE4MDAwMDAwMDAwMDAsInJlYWQiOjMwMDAwMDAwMDAwMH19",
          "dependencies": [
            "azurerm_network_security_group.network_nsg2",
            "azurerm_resource_group.network_rg",
            "azurerm_subnet.network_subnet2",
            "azurerm_virtual_network.network_vnet"
          ]
        }
      ]
    },
    {
      "mode": "managed",
      "type": "azurerm_virtual_network",
      "name": "network_vnet",
      "provider": "provider[\"registry.terraform.io/hashicorp/azurerm\"]",
      "instances": [
        {
          "schema_version": 0,
          "attributes": {
            "address_space": [
              "10.0.0.0/16"
            ],
            "bgp_community": "",
            "ddos_protection_plan": [],
            "dns_servers": [],
            "edge_zone": "",
            "encryption": [],
            "flow_timeout_in_minutes": 0,
            "guid": "664522e2-94c7-4c79-8198-b31a048b669a",
            "id": "/subscriptions/9d715255-9de8-4083-a909-9f0ab13af1c6/resourceGroups/network_rg/providers/Microsoft.Network/virtualNetworks/network_vnet",
            "location": "canadacentral",
            "name": "network_vnet",
            "resource_group_name": "network_rg",
            "subnet": [
              {
                "address_prefix": "10.0.0.0/24",
                "id": "/subscriptions/9d715255-9de8-4083-a909-9f0ab13af1c6/resourceGroups/network_rg/providers/Microsoft.Network/virtualNetworks/network_vnet/subnets/network_subnet1",
                "name": "network_subnet1",
                "security_group": "/subscriptions/9d715255-9de8-4083-a909-9f0ab13af1c6/resourceGroups/network_rg/providers/Microsoft.Network/networkSecurityGroups/network-nsg1"
              },
              {
                "address_prefix": "10.0.1.0/24",
                "id": "/subscriptions/9d715255-9de8-4083-a909-9f0ab13af1c6/resourceGroups/network_rg/providers/Microsoft.Network/virtualNetworks/network_vnet/subnets/network_subnet2",
                "name": "network_subnet2",
                "security_group": "/subscriptions/9d715255-9de8-4083-a909-9f0ab13af1c6/resourceGroups/network_rg/providers/Microsoft.Network/networkSecurityGroups/network-nsg2"
              }
            ],
            "tags": {
              "environment": "Test"
            },
            "timeouts": null
          },
          "sensitive_attributes": [],
          "private": "eyJlMmJmYjczMC1lY2FhLTExZTYtOGY4OC0zNDM2M2JjN2M0YzAiOnsiY3JlYXRlIjoxODAwMDAwMDAwMDAwLCJkZWxldGUiOjE4MDAwMDAwMDAwMDAsInJlYWQiOjMwMDAwMDAwMDAwMCwidXBkYXRlIjoxODAwMDAwMDAwMDAwfX0=",
          "dependencies": [
            "azurerm_resource_group.network_rg"
          ]
        }
      ]
    }
  ],
  "check_results": null
}
