{
  "version": 4,
  "terraform_version": "1.7.0",
  "serial": 12,
  "lineage": "b266ce76-6ba9-1d16-3d5e-ace21724d0cb",
  "outputs": {},
  "resources": [
    {
      "mode": "managed",
      "type": "azurerm_network_security_group",
      "name": "network_nsg1",
      "provider": "provider[\"registry.terraform.io/hashicorp/azurerm\"]",
      "instances": [
        {
          "schema_version": 0,
          "attributes": {
            "id": "/subscriptions/9d715255-9de8-4083-a909-9f0ab13af1c6/resourceGroups/network-rg/providers/Microsoft.Network/networkSecurityGroups/network-nsg1",
            "location": "canadaeast",
            "name": "network-nsg1",
            "resource_group_name": "network-rg",
            "security_rule": [
              {
                "access": "Allow",
                "description": "",
                "destination_address_prefix": "*",
                "destination_address_prefixes": [],
                "destination_application_security_group_ids": [],
                "destination_port_range": "22",
                "destination_port_ranges": [],
                "direction": "Inbound",
                "name": "rule1",
                "priority": 100,
                "protocol": "Tcp",
                "source_address_prefix": "*",
                "source_address_prefixes": [],
                "source_application_security_group_ids": [],
                "source_port_range": "*",
                "source_port_ranges": []
              }
            ],
            "tags": {},
            "timeouts": null
          },
          "sensitive_attributes": [],
          "private": "eyJlMmJmYjczMC1lY2FhLTExZTYtOGY4OC0zNDM2M2JjN2M0YzAiOnsiY3JlYXRlIjoxODAwMDAwMDAwMDAwLCJkZWxldGUiOjE4MDAwMDAwMDAwMDAsInJlYWQiOjMwMDAwMDAwMDAwMCwidXBkYXRlIjoxODAwMDAwMDAwMDAwfX0=",
          "dependencies": [
            "azurerm_resource_group.network_rg"
          ]
        }
      ]
    },
    {
      "mode": "managed",
      "type": "azurerm_network_security_group",
      "name": "network_nsg2",
      "provider": "provider[\"registry.terraform.io/hashicorp/azurerm\"]",
      "instances": [
        {
          "schema_version": 0,
          "attributes": {
            "id": "/subscriptions/9d715255-9de8-4083-a909-9f0ab13af1c6/resourceGroups/network-rg/providers/Microsoft.Network/networkSecurityGroups/network-nsg2",
            "location": "canadaeast",
            "name": "network-nsg2",
            "resource_group_name": "network-rg",
            "security_rule": [
              {
                "access": "Allow",
                "description": "",
                "destination_address_prefix": "*",
                "destination_address_prefixes": [],
                "destination_application_security_group_ids": [],
                "destination_port_range": "3389",
                "destination_port_ranges": [],
                "direction": "Inbound",
                "name": "rule1",
                "priority": 100,
                "protocol": "Tcp",
                "source_address_prefix": "*",
                "source_address_prefixes": [],
                "source_application_security_group_ids": [],
                "source_port_range": "*",
                "source_port_ranges": []
              },
              {
                "access": "Allow",
                "description": "",
                "destination_address_prefix": "*",
                "destination_address_prefixes": [],
                "destination_application_security_group_ids": [],
                "destination_port_range": "5985",
                "destination_port_ranges": [],
                "direction": "Inbound",
                "name": "rule2",
                "priority": 200,
                "protocol": "Tcp",
                "source_address_prefix": "*",
                "source_address_prefixes": [],
                "source_application_security_group_ids": [],
                "source_port_range": "*",
                "source_port_ranges": []
              }
            ],
            "tags": null,
            "timeouts": null
          },
          "sensitive_attributes": [],
          "private": "eyJlMmJmYjczMC1lY2FhLTExZTYtOGY4OC0zNDM2M2JjN2M0YzAiOnsiY3JlYXRlIjoxODAwMDAwMDAwMDAwLCJkZWxldGUiOjE4MDAwMDAwMDAwMDAsInJlYWQiOjMwMDAwMDAwMDAwMCwidXBkYXRlIjoxODAwMDAwMDAwMDAwfX0=",
          "dependencies": [
            "azurerm_resource_group.network_rg"
          ]
        }
      ]
    },
    {
      "mode": "managed",
      "type": "azurerm_resource_group",
      "name": "network_rg",
      "provider": "provider[\"registry.terraform.io/hashicorp/azurerm\"]",
      "instances": [
        {
          "schema_version": 0,
          "attributes": {
            "id": "/subscriptions/9d715255-9de8-4083-a909-9f0ab13af1c6/resourceGroups/network-rg",
            "location": "canadaeast",
            "managed_by": "",
            "name": "network-rg",
            "tags": {},
            "timeouts": null
          },
          "sensitive_attributes": [],
          "private": "eyJlMmJmYjczMC1lY2FhLTExZTYtOGY4OC0zNDM2M2JjN2M0YzAiOnsiY3JlYXRlIjo1NDAwMDAwMDAwMDAwLCJkZWxldGUiOjU0MDAwMDAwMDAwMDAsInJlYWQiOjMwMDAwMDAwMDAwMCwidXBkYXRlIjo1NDAwMDAwMDAwMDAwfX0="
        }
      ]
    },
    {
      "mode": "managed",
      "type": "azurerm_subnet",
      "name": "network_subnet1",
      "provider": "provider[\"registry.terraform.io/hashicorp/azurerm\"]",
      "instances": [
        {
          "schema_version": 0,
          "attributes": {
            "address_prefixes": [
              "10.0.0.0/24"
            ],
            "delegation": [],
            "enforce_private_link_endpoint_network_policies": false,
            "enforce_private_link_service_network_policies": false,
            "id": "/subscriptions/9d715255-9de8-4083-a909-9f0ab13af1c6/resourceGroups/network-rg/providers/Microsoft.Network/virtualNetworks/network-vnet/subnets/network_subnet1",
            "name": "network_subnet1",
            "private_endpoint_network_policies_enabled": true,
            "private_link_service_network_policies_enabled": true,
            "resource_group_name": "network-rg",
            "service_endpoint_policy_ids": [],
            "service_endpoints": [],
            "timeouts": null,
            "virtual_network_name": "network-vnet"
          },
          "sensitive_attributes": [],
          "private": "eyJlMmJmYjczMC1lY2FhLTExZTYtOGY4OC0zNDM2M2JjN2M0YzAiOnsiY3JlYXRlIjoxODAwMDAwMDAwMDAwLCJkZWxldGUiOjE4MDAwMDAwMDAwMDAsInJlYWQiOjMwMDAwMDAwMDAwMCwidXBkYXRlIjoxODAwMDAwMDAwMDAwfX0=",
          "dependencies": [
            "azurerm_resource_group.network_rg",
            "azurerm_virtual_network.network_vnet"
          ]
        }
      ]
    },
    {
      "mode": "managed",
      "type": "azurerm_subnet",
      "name": "network_subnet2",
      "provider": "provider[\"registry.terraform.io/hashicorp/azurerm\"]",
      "instances": [
        {
          "schema_version": 0,
          "attributes": {
            "address_prefixes": [
              "10.0.1.0/24"
            ],
            "delegation": [],
            "enforce_private_link_endpoint_network_policies": false,
            "enforce_private_link_service_network_policies": false,
            "id": "/subscriptions/9d715255-9de8-4083-a909-9f0ab13af1c6/resourceGroups/network-rg/providers/Microsoft.Network/virtualNetworks/network-vnet/subnets/network_subnet2",
            "name": "network_subnet2",
            "private_endpoint_network_policies_enabled": true,
            "private_link_service_network_policies_enabled": true,
            "resource_group_name": "network-rg",
            "service_endpoint_policy_ids": [],
            "service_endpoints": [],
            "timeouts": null,
            "virtual_network_name": "network-vnet"
          },
          "sensitive_attributes": [],
          "private": "eyJlMmJmYjczMC1lY2FhLTExZTYtOGY4OC0zNDM2M2JjN2M0YzAiOnsiY3JlYXRlIjoxODAwMDAwMDAwMDAwLCJkZWxldGUiOjE4MDAwMDAwMDAwMDAsInJlYWQiOjMwMDAwMDAwMDAwMCwidXBkYXRlIjoxODAwMDAwMDAwMDAwfX0=",
          "dependencies": [
            "azurerm_resource_group.network_rg",
            "azurerm_virtual_network.network_vnet"
          ]
        }
      ]
    },
    {
      "mode": "managed",
      "type": "azurerm_subnet_network_security_group_association",
      "name": "network-ansg1",
      "provider": "provider[\"registry.terraform.io/hashicorp/azurerm\"]",
      "instances": [
        {
          "schema_version": 0,
          "attributes": {
            "id": "/subscriptions/9d715255-9de8-4083-a909-9f0ab13af1c6/resourceGroups/network-rg/providers/Microsoft.Network/virtualNetworks/network-vnet/subnets/network_subnet1",
            "network_security_group_id": "/subscriptions/9d715255-9de8-4083-a909-9f0ab13af1c6/resourceGroups/network-rg/providers/Microsoft.Network/networkSecurityGroups/network-nsg1",
            "subnet_id": "/subscriptions/9d715255-9de8-4083-a909-9f0ab13af1c6/resourceGroups/network-rg/providers/Microsoft.Network/virtualNetworks/network-vnet/subnets/network_subnet1",
            "timeouts": null
          },
          "sensitive_attributes": [],
          "private": "eyJlMmJmYjczMC1lY2FhLTExZTYtOGY4OC0zNDM2M2JjN2M0YzAiOnsiY3JlYXRlIjoxODAwMDAwMDAwMDAwLCJkZWxldGUiOjE4MDAwMDAwMDAwMDAsInJlYWQiOjMwMDAwMDAwMDAwMH19",
          "dependencies": [
            "azurerm_network_security_group.network_nsg1",
            "azurerm_resource_group.network_rg",
            "azurerm_subnet.network_subnet1",
            "azurerm_virtual_network.network_vnet"
          ]
        }
      ]
    },
    {
      "mode": "managed",
      "type": "azurerm_subnet_network_security_group_association",
      "name": "network-ansg2",
      "provider": "provider[\"registry.terraform.io/hashicorp/azurerm\"]",
      "instances": [
        {
          "schema_version": 0,
          "attributes": {
            "id": "/subscriptions/9d715255-9de8-4083-a909-9f0ab13af1c6/resourceGroups/network-rg/providers/Microsoft.Network/virtualNetworks/network-vnet/subnets/network_subnet2",
            "network_security_group_id": "/subscriptions/9d715255-9de8-4083-a909-9f0ab13af1c6/resourceGroups/network-rg/providers/Microsoft.Network/networkSecurityGroups/network-nsg2",
            "subnet_id": "/subscriptions/9d715255-9de8-4083-a909-9f0ab13af1c6/resourceGroups/network-rg/providers/Microsoft.Network/virtualNetworks/network-vnet/subnets/network_subnet2",
            "timeouts": null
          },
          "sensitive_attributes": [],
          "private": "eyJlMmJmYjczMC1lY2FhLTExZTYtOGY4OC0zNDM2M2JjN2M0YzAiOnsiY3JlYXRlIjoxODAwMDAwMDAwMDAwLCJkZWxldGUiOjE4MDAwMDAwMDAwMDAsInJlYWQiOjMwMDAwMDAwMDAwMH19",
          "dependencies": [
            "azurerm_network_security_group.network_nsg2",
            "azurerm_resource_group.network_rg",
            "azurerm_subnet.network_subnet2",
            "azurerm_virtual_network.network_vnet"
          ]
        }
      ]
    },
    {
      "mode": "managed",
      "type": "azurerm_virtual_network",
      "name": "network_vnet",
      "provider": "provider[\"registry.terraform.io/hashicorp/azurerm\"]",
      "instances": [
        {
          "schema_version": 0,
          "attributes": {
            "address_space": [
              "10.0.0.0/16"
            ],
            "bgp_community": "",
            "ddos_protection_plan": [],
            "dns_servers": [],
            "edge_zone": "",
            "encryption": [],
            "flow_timeout_in_minutes": 0,
            "guid": "530fc938-e08f-4562-9f0d-1ba39cf76413",
            "id": "/subscriptions/9d715255-9de8-4083-a909-9f0ab13af1c6/resourceGroups/network-rg/providers/Microsoft.Network/virtualNetworks/network-vnet",
            "location": "canadaeast",
            "name": "network-vnet",
            "resource_group_name": "network-rg",
            "subnet": [
              {
                "address_prefix": "10.0.0.0/24",
                "id": "/subscriptions/9d715255-9de8-4083-a909-9f0ab13af1c6/resourceGroups/network-rg/providers/Microsoft.Network/virtualNetworks/network-vnet/subnets/network_subnet1",
                "name": "network_subnet1",
                "security_group": "/subscriptions/9d715255-9de8-4083-a909-9f0ab13af1c6/resourceGroups/network-rg/providers/Microsoft.Network/networkSecurityGroups/network-nsg1"
              },
              {
                "address_prefix": "10.0.1.0/24",
                "id": "/subscriptions/9d715255-9de8-4083-a909-9f0ab13af1c6/resourceGroups/network-rg/providers/Microsoft.Network/virtualNetworks/network-vnet/subnets/network_subnet2",
                "name": "network_subnet2",
                "security_group": ""
              }
            ],
            "tags": {
              "environment": "Test"
            },
            "timeouts": null
          },
          "sensitive_attributes": [],
          "private": "eyJlMmJmYjczMC1lY2FhLTExZTYtOGY4OC0zNDM2M2JjN2M0YzAiOnsiY3JlYXRlIjoxODAwMDAwMDAwMDAwLCJkZWxldGUiOjE4MDAwMDAwMDAwMDAsInJlYWQiOjMwMDAwMDAwMDAwMCwidXBkYXRlIjoxODAwMDAwMDAwMDAwfX0=",
          "dependencies": [
            "azurerm_resource_group.network_rg"
          ]
        }
      ]
    }
  ],
  "check_results": null
}
